
Microsoft Visual Studio Solution File, Format Version 12.00
# Visual Studio Version 16
VisualStudioVersion = 16.0.30503.244
MinimumVisualStudioVersion = 10.0.40219.1
Project("{FAE04EC0-301F-11D3-BF4B-00C04F79EFBC}") = "C_Test", "C_Test\C_Test.csproj", "{B4627359-3098-4F18-B0F1-002724EB0F7B}"
EndProject
Global
	GlobalSection(SolutionConfigurationPlatforms) = preSolution
		Debug|Any CPU = Debug|Any CPU
		Release|Any CPU = Release|Any CPU
	EndGlobalSection
	GlobalSection(ProjectConfigurationPlatforms) = postSolution
		{B4627359-3098-4F18-B0F1-002724EB0F7B}.Debug|Any CPU.ActiveCfg = Debug|Any CPU
		{B4627359-3098-4F18-B0F1-002724EB0F7B}.Debug|Any CPU.Build.0 = Debug|Any CPU
		{B4627359-3098-4F18-B0F1-002724EB0F7B}.Release|Any CPU.ActiveCfg = Release|Any CPU
		{B4627359-3098-4F18-B0F1-002724EB0F7B}.Release|Any CPU.Build.0 = Release|Any CPU
	EndGlobalSection
	GlobalSection(SolutionProperties) = preSolution
		HideSolutionNode = FALSE
	EndGlobalSection
	GlobalSection(ExtensibilityGlobals) = postSolution
		SolutionGuid = {8B223DC3-DDA0-4CBE-871F-67FFFAF3AB99}
	EndGlobalSection
EndGlobal
